// !$*UTF8*$!
{
	archiveVersion = 1;
	classes = {
	};
	objectVersion = 50;
	objects = {

/* Begin PBXBuildFile section */
		89B15CC42102088100653E16 /* Beerboard_Beerchip_Hootclub_SDK.framework in Frameworks */ = {isa = PBXBuildFile; fileRef = 89B15CBA2102088100653E16 /* Beerboard_Beerchip_Hootclub_SDK.framework */; };
		89B15CC92102088100653E16 /* Beerboard_Beerchip_Hootclub_SDKTests.swift in Sources */ = {isa = PBXBuildFile; fileRef = 89B15CC82102088100653E16 /* Beerboard_Beerchip_Hootclub_SDKTests.swift */; };
		89B15CCB2102088100653E16 /* Beerboard_Beerchip_Hootclub_SDK.h in Headers */ = {isa = PBXBuildFile; fileRef = 89B15CBD2102088100653E16 /* Beerboard_Beerchip_Hootclub_SDK.h */; settings = {ATTRIBUTES = (Public, ); }; };
		89B15CE0210208BF00653E16 /* BeerChipTableViewController.swift in Sources */ = {isa = PBXBuildFile; fileRef = 89B15CD4210208BC00653E16 /* BeerChipTableViewController.swift */; };
		89B15CE1210208BF00653E16 /* BeerchipViewController.swift in Sources */ = {isa = PBXBuildFile; fileRef = 89B15CD5210208BC00653E16 /* BeerchipViewController.swift */; };
		89B15CE2210208BF00653E16 /* RedeemviewBeerchipTableSubTitlesTableViewCell.swift in Sources */ = {isa = PBXBuildFile; fileRef = 89B15CD6210208BC00653E16 /* RedeemviewBeerchipTableSubTitlesTableViewCell.swift */; };
		89B15CE3210208BF00653E16 /* RedeemViewBeerchipTableTitleTableViewCell.swift in Sources */ = {isa = PBXBuildFile; fileRef = 89B15CD8210208BE00653E16 /* RedeemViewBeerchipTableTitleTableViewCell.swift */; };
		89B15CE4210208BF00653E16 /* BeerInfoViewController.swift in Sources */ = {isa = PBXBuildFile; fileRef = 89B15CD9210208BE00653E16 /* BeerInfoViewController.swift */; };
		89B15CE5210208BF00653E16 /* CashOutViewController.swift in Sources */ = {isa = PBXBuildFile; fileRef = 89B15CDB210208BE00653E16 /* CashOutViewController.swift */; };
		89B15CE6210208BF00653E16 /* RedeemViewController.swift in Sources */ = {isa = PBXBuildFile; fileRef = 89B15CDC210208BE00653E16 /* RedeemViewController.swift */; };
		89B15CE7210208BF00653E16 /* RedeemBeerchipViewController.swift in Sources */ = {isa = PBXBuildFile; fileRef = 89B15CDD210208BE00653E16 /* RedeemBeerchipViewController.swift */; };
		89B15CE8210208BF00653E16 /* BeerchipTableViewCell.swift in Sources */ = {isa = PBXBuildFile; fileRef = 89B15CDE210208BE00653E16 /* BeerchipTableViewCell.swift */; };
		89B15CE9210208BF00653E16 /* LocationTableViewCell.swift in Sources */ = {isa = PBXBuildFile; fileRef = 89B15CDF210208BF00653E16 /* LocationTableViewCell.swift */; };
/* End PBXBuildFile section */

/* Begin PBXContainerItemProxy section */
		89B15CC52102088100653E16 /* PBXContainerItemProxy */ = {
			isa = PBXContainerItemProxy;
			containerPortal = 89B15CB12102088100653E16 /* Project object */;
			proxyType = 1;
			remoteGlobalIDString = 89B15CB92102088100653E16;
			remoteInfo = "Beerboard-Beerchip-Hootclub-SDK";
		};
/* End PBXContainerItemProxy section */

/* Begin PBXFileReference section */
		89B15CBA2102088100653E16 /* Beerboard_Beerchip_Hootclub_SDK.framework */ = {isa = PBXFileReference; explicitFileType = wrapper.framework; includeInIndex = 0; path = Beerboard_Beerchip_Hootclub_SDK.framework; sourceTree = BUILT_PRODUCTS_DIR; };
		89B15CBD2102088100653E16 /* Beerboard_Beerchip_Hootclub_SDK.h */ = {isa = PBXFileReference; lastKnownFileType = sourcecode.c.h; path = Beerboard_Beerchip_Hootclub_SDK.h; sourceTree = "<group>"; };
		89B15CBE2102088100653E16 /* Info.plist */ = {isa = PBXFileReference; lastKnownFileType = text.plist.xml; path = Info.plist; sourceTree = "<group>"; };
		89B15CC32102088100653E16 /* Beerboard-Beerchip-Hootclub-SDKTests.xctest */ = {isa = PBXFileReference; explicitFileType = wrapper.cfbundle; includeInIndex = 0; path = "Beerboard-Beerchip-Hootclub-SDKTests.xctest"; sourceTree = BUILT_PRODUCTS_DIR; };
		89B15CC82102088100653E16 /* Beerboard_Beerchip_Hootclub_SDKTests.swift */ = {isa = PBXFileReference; lastKnownFileType = sourcecode.swift; path = Beerboard_Beerchip_Hootclub_SDKTests.swift; sourceTree = "<group>"; };
		89B15CCA2102088100653E16 /* Info.plist */ = {isa = PBXFileReference; lastKnownFileType = text.plist.xml; path = Info.plist; sourceTree = "<group>"; };
		89B15CD4210208BC00653E16 /* BeerChipTableViewController.swift */ = {isa = PBXFileReference; lastKnownFileType = sourcecode.swift; path = BeerChipTableViewController.swift; sourceTree = "<group>"; };
		89B15CD5210208BC00653E16 /* BeerchipViewController.swift */ = {isa = PBXFileReference; lastKnownFileType = sourcecode.swift; path = BeerchipViewController.swift; sourceTree = "<group>"; };
		89B15CD6210208BC00653E16 /* RedeemviewBeerchipTableSubTitlesTableViewCell.swift */ = {isa = PBXFileReference; lastKnownFileType = sourcecode.swift; path = RedeemviewBeerchipTableSubTitlesTableViewCell.swift; sourceTree = "<group>"; };
		89B15CD7210208BE00653E16 /* BeerchipAssets.xcassets */ = {isa = PBXFileReference; lastKnownFileType = folder.assetcatalog; path = BeerchipAssets.xcassets; sourceTree = "<group>"; };
		89B15CD8210208BE00653E16 /* RedeemViewBeerchipTableTitleTableViewCell.swift */ = {isa = PBXFileReference; lastKnownFileType = sourcecode.swift; path = RedeemViewBeerchipTableTitleTableViewCell.swift; sourceTree = "<group>"; };
		89B15CD9210208BE00653E16 /* BeerInfoViewController.swift */ = {isa = PBXFileReference; lastKnownFileType = sourcecode.swift; path = BeerInfoViewController.swift; sourceTree = "<group>"; };
		89B15CDA210208BE00653E16 /* BeerchipStoryboard.storyboard */ = {isa = PBXFileReference; lastKnownFileType = file.storyboard; path = BeerchipStoryboard.storyboard; sourceTree = "<group>"; };
		89B15CDB210208BE00653E16 /* CashOutViewController.swift */ = {isa = PBXFileReference; lastKnownFileType = sourcecode.swift; path = CashOutViewController.swift; sourceTree = "<group>"; };
		89B15CDC210208BE00653E16 /* RedeemViewController.swift */ = {isa = PBXFileReference; lastKnownFileType = sourcecode.swift; path = RedeemViewController.swift; sourceTree = "<group>"; };
		89B15CDD210208BE00653E16 /* RedeemBeerchipViewController.swift */ = {isa = PBXFileReference; lastKnownFileType = sourcecode.swift; path = RedeemBeerchipViewController.swift; sourceTree = "<group>"; };
		89B15CDE210208BE00653E16 /* BeerchipTableViewCell.swift */ = {isa = PBXFileReference; lastKnownFileType = sourcecode.swift; path = BeerchipTableViewCell.swift; sourceTree = "<group>"; };
		89B15CDF210208BF00653E16 /* LocationTableViewCell.swift */ = {isa = PBXFileReference; lastKnownFileType = sourcecode.swift; path = LocationTableViewCell.swift; sourceTree = "<group>"; };
/* End PBXFileReference section */

/* Begin PBXFrameworksBuildPhase section */
		89B15CB62102088100653E16 /* Frameworks */ = {
			isa = PBXFrameworksBuildPhase;
			buildActionMask = 2147483647;
			files = (
			);
			runOnlyForDeploymentPostprocessing = 0;
		};
		89B15CC02102088100653E16 /* Frameworks */ = {
			isa = PBXFrameworksBuildPhase;
			buildActionMask = 2147483647;
			files = (
				89B15CC42102088100653E16 /* Beerboard_Beerchip_Hootclub_SDK.framework in Frameworks */,
			);
			runOnlyForDeploymentPostprocessing = 0;
		};
/* End PBXFrameworksBuildPhase section */

/* Begin PBXGroup section */
		89B15CB02102088100653E16 = {
			isa = PBXGroup;
			children = (
				89B15CBC2102088100653E16 /* Beerboard-Beerchip-Hootclub-SDK */,
				89B15CC72102088100653E16 /* Beerboard-Beerchip-Hootclub-SDKTests */,
				89B15CBB2102088100653E16 /* Products */,
			);
			sourceTree = "<group>";
		};
		89B15CBB2102088100653E16 /* Products */ = {
			isa = PBXGroup;
			children = (
				89B15CBA2102088100653E16 /* Beerboard_Beerchip_Hootclub_SDK.framework */,
				89B15CC32102088100653E16 /* Beerboard-Beerchip-Hootclub-SDKTests.xctest */,
			);
			name = Products;
			sourceTree = "<group>";
		};
		89B15CBC2102088100653E16 /* Beerboard-Beerchip-Hootclub-SDK */ = {
			isa = PBXGroup;
			children = (
				89B15CBD2102088100653E16 /* Beerboard_Beerchip_Hootclub_SDK.h */,
				89B15CDE210208BE00653E16 /* BeerchipTableViewCell.swift */,
				89B15CD4210208BC00653E16 /* BeerChipTableViewController.swift */,
				89B15CD5210208BC00653E16 /* BeerchipViewController.swift */,
				89B15CD9210208BE00653E16 /* BeerInfoViewController.swift */,
				89B15CDB210208BE00653E16 /* CashOutViewController.swift */,
				89B15CDF210208BF00653E16 /* LocationTableViewCell.swift */,
				89B15CDD210208BE00653E16 /* RedeemBeerchipViewController.swift */,
				89B15CD6210208BC00653E16 /* RedeemviewBeerchipTableSubTitlesTableViewCell.swift */,
				89B15CD8210208BE00653E16 /* RedeemViewBeerchipTableTitleTableViewCell.swift */,
				89B15CDC210208BE00653E16 /* RedeemViewController.swift */,
				89B15CDA210208BE00653E16 /* BeerchipStoryboard.storyboard */,
				89B15CD7210208BE00653E16 /* BeerchipAssets.xcassets */,
				89B15CBE2102088100653E16 /* Info.plist */,
			);
			path = "Beerboard-Beerchip-Hootclub-SDK";
			sourceTree = "<group>";
		};
		89B15CC72102088100653E16 /* Beerboard-Beerchip-Hootclub-SDKTests */ = {
			isa = PBXGroup;
			children = (
				89B15CC82102088100653E16 /* Beerboard_Beerchip_Hootclub_SDKTests.swift */,
				89B15CCA2102088100653E16 /* Info.plist */,
			);
			path = "Beerboard-Beerchip-Hootclub-SDKTests";
			sourceTree = "<group>";
		};
/* End PBXGroup section */

/* Begin PBXHeadersBuildPhase section */
		89B15CB72102088100653E16 /* Headers */ = {
			isa = PBXHeadersBuildPhase;
			buildActionMask = 2147483647;
			files = (
				89B15CCB2102088100653E16 /* Beerboard_Beerchip_Hootclub_SDK.h in Headers */,
			);
			runOnlyForDeploymentPostprocessing = 0;
		};
/* End PBXHeadersBuildPhase section */

/* Begin PBXNativeTarget section */
		89B15CB92102088100653E16 /* Beerboard-Beerchip-Hootclub-SDK */ = {
			isa = PBXNativeTarget;
			buildConfigurationList = 89B15CCE2102088100653E16 /* Build configuration list for PBXNativeTarget "Beerboard-Beerchip-Hootclub-SDK" */;
			buildPhases = (
				89B15CB52102088100653E16 /* Sources */,
				89B15CB62102088100653E16 /* Frameworks */,
				89B15CB72102088100653E16 /* Headers */,
				89B15CB82102088100653E16 /* Resources */,
			);
			buildRules = (
			);
			dependencies = (
			);
			name = "Beerboard-Beerchip-Hootclub-SDK";
			productName = "Beerboard-Beerchip-Hootclub-SDK";
			productReference = 89B15CBA2102088100653E16 /* Beerboard_Beerchip_Hootclub_SDK.framework */;
			productType = "com.apple.product-type.framework";
		};
		89B15CC22102088100653E16 /* Beerboard-Beerchip-Hootclub-SDKTests */ = {
			isa = PBXNativeTarget;
			buildConfigurationList = 89B15CD12102088100653E16 /* Build configuration list for PBXNativeTarget "Beerboard-Beerchip-Hootclub-SDKTests" */;
			buildPhases = (
				89B15CBF2102088100653E16 /* Sources */,
				89B15CC02102088100653E16 /* Frameworks */,
				89B15CC12102088100653E16 /* Resources */,
			);
			buildRules = (
			);
			dependencies = (
				89B15CC62102088100653E16 /* PBXTargetDependency */,
			);
			name = "Beerboard-Beerchip-Hootclub-SDKTests";
			productName = "Beerboard-Beerchip-Hootclub-SDKTests";
			productReference = 89B15CC32102088100653E16 /* Beerboard-Beerchip-Hootclub-SDKTests.xctest */;
			productType = "com.apple.product-type.bundle.unit-test";
		};
/* End PBXNativeTarget section */

/* Begin PBXProject section */
		89B15CB12102088100653E16 /* Project object */ = {
			isa = PBXProject;
			attributes = {
				LastSwiftUpdateCheck = 0940;
				LastUpgradeCheck = 0940;
				ORGANIZATIONNAME = "Srinivasulu Budharapu";
				TargetAttributes = {
					89B15CB92102088100653E16 = {
						CreatedOnToolsVersion = 9.4.1;
					};
					89B15CC22102088100653E16 = {
						CreatedOnToolsVersion = 9.4.1;
					};
				};
			};
			buildConfigurationList = 89B15CB42102088100653E16 /* Build configuration list for PBXProject "Beerboard-Beerchip-Hootclub-SDK" */;
			compatibilityVersion = "Xcode 9.3";
			developmentRegion = en;
			hasScannedForEncodings = 0;
			knownRegions = (
				en,
			);
			mainGroup = 89B15CB02102088100653E16;
			productRefGroup = 89B15CBB2102088100653E16 /* Products */;
			projectDirPath = "";
			projectRoot = "";
			targets = (
				89B15CB92102088100653E16 /* Beerboard-Beerchip-Hootclub-SDK */,
				89B15CC22102088100653E16 /* Beerboard-Beerchip-Hootclub-SDKTests */,
			);
		};
/* End PBXProject section */

/* Begin PBXResourcesBuildPhase section */
		89B15CB82102088100653E16 /* Resources */ = {
			isa = PBXResourcesBuildPhase;
			buildActionMask = 2147483647;
			files = (
			);
			runOnlyForDeploymentPostprocessing = 0;
		};
		89B15CC12102088100653E16 /* Resources */ = {
			isa = PBXResourcesBuildPhase;
			buildActionMask = 2147483647;
			files = (
			);
			runOnlyForDeploymentPostprocessing = 0;
		};
/* End PBXResourcesBuildPhase section */

/* Begin PBXSourcesBuildPhase section */
		89B15CB52102088100653E16 /* Sources */ = {
			isa = PBXSourcesBuildPhase;
			buildActionMask = 2147483647;
			files = (
				89B15CE7210208BF00653E16 /* RedeemBeerchipViewController.swift in Sources */,
				89B15CE4210208BF00653E16 /* BeerInfoViewController.swift in Sources */,
				89B15CE6210208BF00653E16 /* RedeemViewController.swift in Sources */,
				89B15CE1210208BF00653E16 /* BeerchipViewController.swift in Sources */,
				89B15CE0210208BF00653E16 /* BeerChipTableViewController.swift in Sources */,
				89B15CE3210208BF00653E16 /* RedeemViewBeerchipTableTitleTableViewCell.swift in Sources */,
				89B15CE9210208BF00653E16 /* LocationTableViewCell.swift in Sources */,
				89B15CE8210208BF00653E16 /* BeerchipTableViewCell.swift in Sources */,
				89B15CE5210208BF00653E16 /* CashOutViewController.swift in Sources */,
				89B15CE2210208BF00653E16 /* RedeemviewBeerchipTableSubTitlesTableViewCell.swift in Sources */,
			);
			runOnlyForDeploymentPostprocessing = 0;
		};
		89B15CBF2102088100653E16 /* Sources */ = {
			isa = PBXSourcesBuildPhase;
			buildActionMask = 2147483647;
			files = (
				89B15CC92102088100653E16 /* Beerboard_Beerchip_Hootclub_SDKTests.swift in Sources */,
			);
			runOnlyForDeploymentPostprocessing = 0;
		};
/* End PBXSourcesBuildPhase section */

/* Begin PBXTargetDependency section */
		89B15CC62102088100653E16 /* PBXTargetDependency */ = {
			isa = PBXTargetDependency;
			target = 89B15CB92102088100653E16 /* Beerboard-Beerchip-Hootclub-SDK */;
			targetProxy = 89B15CC52102088100653E16 /* PBXContainerItemProxy */;
		};
/* End PBXTargetDependency section */

/* Begin XCBuildConfiguration section */
		89B15CCC2102088100653E16 /* Debug */ = {
			isa = XCBuildConfiguration;
			buildSettings = {
				ALWAYS_SEARCH_USER_PATHS = NO;
				CLANG_ANALYZER_NONNULL = YES;
				CLANG_ANALYZER_NUMBER_OBJECT_CONVERSION = YES_AGGRESSIVE;
				CLANG_CXX_LANGUAGE_STANDARD = "gnu++14";
				CLANG_CXX_LIBRARY = "libc++";
				CLANG_ENABLE_MODULES = YES;
				CLANG_ENABLE_OBJC_ARC = YES;
				CLANG_ENABLE_OBJC_WEAK = YES;
				CLANG_WARN_BLOCK_CAPTURE_AUTORELEASING = YES;
				CLANG_WARN_BOOL_CONVERSION = YES;
				CLANG_WARN_COMMA = YES;
				CLANG_WARN_CONSTANT_CONVERSION = YES;
				CLANG_WARN_DEPRECATED_OBJC_IMPLEMENTATIONS = YES;
				CLANG_WARN_DIRECT_OBJC_ISA_USAGE = YES_ERROR;
				CLANG_WARN_DOCUMENTATION_COMMENTS = YES;
				CLANG_WARN_EMPTY_BODY = YES;
				CLANG_WARN_ENUM_CONVERSION = YES;
				CLANG_WARN_INFINITE_RECURSION = YES;
				CLANG_WARN_INT_CONVERSION = YES;
				CLANG_WARN_NON_LITERAL_NULL_CONVERSION = YES;
				CLANG_WARN_OBJC_IMPLICIT_RETAIN_SELF = YES;
				CLANG_WARN_OBJC_LITERAL_CONVERSION = YES;
				CLANG_WARN_OBJC_ROOT_CLASS = YES_ERROR;
				CLANG_WARN_RANGE_LOOP_ANALYSIS = YES;
				CLANG_WARN_STRICT_PROTOTYPES = YES;
				CLANG_WARN_SUSPICIOUS_MOVE = YES;
				CLANG_WARN_UNGUARDED_AVAILABILITY = YES_AGGRESSIVE;
				CLANG_WARN_UNREACHABLE_CODE = YES;
				CLANG_WARN__DUPLICATE_METHOD_MATCH = YES;
				CODE_SIGN_IDENTITY = "iPhone Developer";
				COPY_PHASE_STRIP = NO;
				CURRENT_PROJECT_VERSION = 1;
				DEBUG_INFORMATION_FORMAT = dwarf;
				ENABLE_STRICT_OBJC_MSGSEND = YES;
				ENABLE_TESTABILITY = YES;
				GCC_C_LANGUAGE_STANDARD = gnu11;
				GCC_DYNAMIC_NO_PIC = NO;
				GCC_NO_COMMON_BLOCKS = YES;
				GCC_OPTIMIZATION_LEVEL = 0;
				GCC_PREPROCESSOR_DEFINITIONS = (
					"DEBUG=1",
					"$(inherited)",
				);
				GCC_WARN_64_TO_32_BIT_CONVERSION = YES;
				GCC_WARN_ABOUT_RETURN_TYPE = YES_ERROR;
				GCC_WARN_UNDECLARED_SELECTOR = YES;
				GCC_WARN_UNINITIALIZED_AUTOS = YES_AGGRESSIVE;
				GCC_WARN_UNUSED_FUNCTION = YES;
				GCC_WARN_UNUSED_VARIABLE = YES;
				IPHONEOS_DEPLOYMENT_TARGET = 11.4;
				MTL_ENABLE_DEBUG_INFO = YES;
				ONLY_ACTIVE_ARCH = YES;
				SDKROOT = iphoneos;
				SWIFT_ACTIVE_COMPILATION_CONDITIONS = DEBUG;
				SWIFT_OPTIMIZATION_LEVEL = "-Onone";
				VERSIONING_SYSTEM = "apple-generic";
				VERSION_INFO_PREFIX = "";
			};
			name = Debug;
		};
		89B15CCD2102088100653E16 /* Release */ = {
			isa = XCBuildConfiguration;
			buildSettings = {
				ALWAYS_SEARCH_USER_PATHS = NO;
				CLANG_ANALYZER_NONNULL = YES;
				CLANG_ANALYZER_NUMBER_OBJECT_CONVERSION = YES_AGGRESSIVE;
				CLANG_CXX_LANGUAGE_STANDARD = "gnu++14";
				CLANG_CXX_LIBRARY = "libc++";
				CLANG_ENABLE_MODULES = YES;
				CLANG_ENABLE_OBJC_ARC = YES;
				CLANG_ENABLE_OBJC_WEAK = YES;
				CLANG_WARN_BLOCK_CAPTURE_AUTORELEASING = YES;
				CLANG_WARN_BOOL_CONVERSION = YES;
				CLANG_WARN_COMMA = YES;
				CLANG_WARN_CONSTANT_CONVERSION = YES;
				CLANG_WARN_DEPRECATED_OBJC_IMPLEMENTATIONS = YES;
				CLANG_WARN_DIRECT_OBJC_ISA_USAGE = YES_ERROR;
				CLANG_WARN_DOCUMENTATION_COMMENTS = YES;
				CLANG_WARN_EMPTY_BODY = YES;
				CLANG_WARN_ENUM_CONVERSION = YES;
				CLANG_WARN_INFINITE_RECURSION = YES;
				CLANG_WARN_INT_CONVERSION = YES;
				CLANG_WARN_NON_LITERAL_NULL_CONVERSION = YES;
				CLANG_WARN_OBJC_IMPLICIT_RETAIN_SELF = YES;
				CLANG_WARN_OBJC_LITERAL_CONVERSION = YES;
				CLANG_WARN_OBJC_ROOT_CLASS = YES_ERROR;
				CLANG_WARN_RANGE_LOOP_ANALYSIS = YES;
				CLANG_WARN_STRICT_PROTOTYPES = YES;
				CLANG_WARN_SUSPICIOUS_MOVE = YES;
				CLANG_WARN_UNGUARDED_AVAILABILITY = YES_AGGRESSIVE;
				CLANG_WARN_UNREACHABLE_CODE = YES;
				CLANG_WARN__DUPLICATE_METHOD_MATCH = YES;
				CODE_SIGN_IDENTITY = "iPhone Developer";
				COPY_PHASE_STRIP = NO;
				CURRENT_PROJECT_VERSION = 1;
				DEBUG_INFORMATION_FORMAT = "dwarf-with-dsym";
				ENABLE_NS_ASSERTIONS = NO;
				ENABLE_STRICT_OBJC_MSGSEND = YES;
				GCC_C_LANGUAGE_STANDARD = gnu11;
				GCC_NO_COMMON_BLOCKS = YES;
				GCC_WARN_64_TO_32_BIT_CONVERSION = YES;
				GCC_WARN_ABOUT_RETURN_TYPE = YES_ERROR;
				GCC_WARN_UNDECLARED_SELECTOR = YES;
				GCC_WARN_UNINITIALIZED_AUTOS = YES_AGGRESSIVE;
				GCC_WARN_UNUSED_FUNCTION = YES;
				GCC_WARN_UNUSED_VARIABLE = YES;
				IPHONEOS_DEPLOYMENT_TARGET = 11.4;
				MTL_ENABLE_DEBUG_INFO = NO;
				SDKROOT = iphoneos;
				SWIFT_COMPILATION_MODE = wholemodule;
				SWIFT_OPTIMIZATION_LEVEL = "-O";
				VALIDATE_PRODUCT = YES;
				VERSIONING_SYSTEM = "apple-generic";
				VERSION_INFO_PREFIX = "";
			};
			name = Release;
		};
		89B15CCF2102088100653E16 /* Debug */ = {
			isa = XCBuildConfiguration;
			buildSettings = {
				CODE_SIGN_IDENTITY = "";
				CODE_SIGN_STYLE = Automatic;
				DEFINES_MODULE = YES;
				DEVELOPMENT_TEAM = DH337745N2;
				DYLIB_COMPATIBILITY_VERSION = 1;
				DYLIB_CURRENT_VERSION = 1;
				DYLIB_INSTALL_NAME_BASE = "@rpath";
				INFOPLIST_FILE = "Beerboard-Beerchip-Hootclub-SDK/Info.plist";
				INSTALL_PATH = "$(LOCAL_LIBRARY_DIR)/Frameworks";
				LD_RUNPATH_SEARCH_PATHS = (
					"$(inherited)",
					"@executable_path/Frameworks",
					"@loader_path/Frameworks",
				);
				PRODUCT_BUNDLE_IDENTIFIER = "com.vmoksha.Beerboard-Beerchip-Hootclub-SDK";
				PRODUCT_NAME = "$(TARGET_NAME:c99extidentifier)";
				SKIP_INSTALL = YES;
				SWIFT_VERSION = 4.0;
				TARGETED_DEVICE_FAMILY = "1,2";
			};
			name = Debug;
		};
		89B15CD02102088100653E16 /* Release */ = {
			isa = XCBuildConfiguration;
			buildSettings = {
				CODE_SIGN_IDENTITY = "";
				CODE_SIGN_STYLE = Automatic;
				DEFINES_MODULE = YES;
				DEVELOPMENT_TEAM = DH337745N2;
				DYLIB_COMPATIBILITY_VERSION = 1;
				DYLIB_CURRENT_VERSION = 1;
				DYLIB_INSTALL_NAME_BASE = "@rpath";
				INFOPLIST_FILE = "Beerboard-Beerchip-Hootclub-SDK/Info.plist";
				INSTALL_PATH = "$(LOCAL_LIBRARY_DIR)/Frameworks";
				LD_RUNPATH_SEARCH_PATHS = (
					"$(inherited)",
					"@executable_path/Frameworks",
					"@loader_path/Frameworks",
				);
				PRODUCT_BUNDLE_IDENTIFIER = "com.vmoksha.Beerboard-Beerchip-Hootclub-SDK";
				PRODUCT_NAME = "$(TARGET_NAME:c99extidentifier)";
				SKIP_INSTALL = YES;
				SWIFT_VERSION = 4.0;
				TARGETED_DEVICE_FAMILY = "1,2";
			};
			name = Release;
		};
		89B15CD22102088100653E16 /* Debug */ = {
			isa = XCBuildConfiguration;
			buildSettings = {
				ALWAYS_EMBED_SWIFT_STANDARD_LIBRARIES = YES;
				CODE_SIGN_STYLE = Automatic;
				DEVELOPMENT_TEAM = DH337745N2;
				INFOPLIST_FILE = "Beerboard-Beerchip-Hootclub-SDKTests/Info.plist";
				LD_RUNPATH_SEARCH_PATHS = (
					"$(inherited)",
					"@executable_path/Frameworks",
					"@loader_path/Frameworks",
				);
				PRODUCT_BUNDLE_IDENTIFIER = "com.vmoksha.Beerboard-Beerchip-Hootclub-SDKTests";
				PRODUCT_NAME = "$(TARGET_NAME)";
				SWIFT_VERSION = 4.0;
				TARGETED_DEVICE_FAMILY = "1,2";
			};
			name = Debug;
		};
		89B15CD32102088100653E16 /* Release */ = {
			isa = XCBuildConfiguration;
			buildSettings = {
				ALWAYS_EMBED_SWIFT_STANDARD_LIBRARIES = YES;
				CODE_SIGN_STYLE = Automatic;
				DEVELOPMENT_TEAM = DH337745N2;
				INFOPLIST_FILE = "Beerboard-Beerchip-Hootclub-SDKTests/Info.plist";
				LD_RUNPATH_SEARCH_PATHS = (
					"$(inherited)",
					"@executable_path/Frameworks",
					"@loader_path/Frameworks",
				);
				PRODUCT_BUNDLE_IDENTIFIER = "com.vmoksha.Beerboard-Beerchip-Hootclub-SDKTests";
				PRODUCT_NAME = "$(TARGET_NAME)";
				SWIFT_VERSION = 4.0;
				TARGETED_DEVICE_FAMILY = "1,2";
			};
			name = Release;
		};
/* End XCBuildConfiguration section */

/* Begin XCConfigurationList section */
		89B15CB42102088100653E16 /* Build configuration list for PBXProject "Beerboard-Beerchip-Hootclub-SDK" */ = {
			isa = XCConfigurationList;
			buildConfigurations = (
				89B15CCC2102088100653E16 /* Debug */,
				89B15CCD2102088100653E16 /* Release */,
			);
			defaultConfigurationIsVisible = 0;
			defaultConfigurationName = Release;
		};
		89B15CCE2102088100653E16 /* Build configuration list for PBXNativeTarget "Beerboard-Beerchip-Hootclub-SDK" */ = {
			isa = XCConfigurationList;
			buildConfigurations = (
				89B15CCF2102088100653E16 /* Debug */,
				89B15CD02102088100653E16 /* Release */,
			);
			defaultConfigurationIsVisible = 0;
			defaultConfigurationName = Release;
		};
		89B15CD12102088100653E16 /* Build configuration list for PBXNativeTarget "Beerboard-Beerchip-Hootclub-SDKTests" */ = {
			isa = XCConfigurationList;
			buildConfigurations = (
				89B15CD22102088100653E16 /* Debug */,
				89B15CD32102088100653E16 /* Release */,
			);
			defaultConfigurationIsVisible = 0;
			defaultConfigurationName = Release;
		};
/* End XCConfigurationList section */
	};
	rootObject = 89B15CB12102088100653E16 /* Project object */;
}
